
Microsoft Visual Studio Solution File, Format Version 12.00
Project("{FAE04EC0-301F-11D3-BF4B-00C04F79EFBC}") = "ALang", "ALang\ALang.csproj", "{9C82A6BA-8D8E-48E4-AA76-D95F77FBD8FE}"
EndProject
Global
	GlobalSection(SolutionConfigurationPlatforms) = preSolution
		Debug|Any CPU = Debug|Any CPU
		Release|Any CPU = Release|Any CPU
	EndGlobalSection
	GlobalSection(ProjectConfigurationPlatforms) = postSolution
		{9C82A6BA-8D8E-48E4-AA76-D95F77FBD8FE}.Debug|Any CPU.ActiveCfg = Debug|Any CPU
		{9C82A6BA-8D8E-48E4-AA76-D95F77FBD8FE}.Debug|Any CPU.Build.0 = Debug|Any CPU
		{9C82A6BA-8D8E-48E4-AA76-D95F77FBD8FE}.Release|Any CPU.ActiveCfg = Release|Any CPU
		{9C82A6BA-8D8E-48E4-AA76-D95F77FBD8FE}.Release|Any CPU.Build.0 = Release|Any CPU
	EndGlobalSection
EndGlobal
